{"filter":false,"title":"Gemfile.lock","tooltip":"/nagano_cake/Gemfile.lock","undoManager":{"mark":0,"position":0,"stack":[[{"start":{"row":265,"column":0},"end":{"row":269,"column":29},"action":"remove","lines":["<<<<<<< HEAD","  kaminari (~> 1.2.1)","=======","  kaminari",">>>>>>> origin/takeshiumemoto"],"id":2},{"start":{"row":265,"column":0},"end":{"row":265,"column":21},"action":"insert","lines":["  kaminari (~> 1.2.1)"]}]]},"ace":{"folds":[],"scrolltop":4117.2,"scrollleft":0,"selection":{"start":{"row":0,"column":0},"end":{"row":0,"column":0},"isBackwards":false},"options":{"guessTabSize":true,"useWrapMode":false,"wrapToView":true},"firstLineState":0},"timestamp":1716513766374,"hash":"4c1fe695ae3a899e89c29e042d634c3317525a46"}